
Microsoft Visual Studio Solution File, Format Version 12.00
# Visual Studio 15
VisualStudioVersion = 15.0.26510.0
MinimumVisualStudioVersion = 10.0.40219.1
Project("{FAE04EC0-301F-11D3-BF4B-00C04F79EFBC}") = "lektion4", "lektion4\lektion4.csproj", "{1634A25A-E66F-4E6B-B1F3-E43D5F77E700}"
EndProject
Project("{FAE04EC0-301F-11D3-BF4B-00C04F79EFBC}") = "Einsendeaufgabe_3", "Einsendeaufgabe_3\Einsendeaufgabe_3.csproj", "{5263E8C1-7D5B-4BEE-AB63-BBD9B1764875}"
EndProject
Global
	GlobalSection(SolutionConfigurationPlatforms) = preSolution
		Debug|Any CPU = Debug|Any CPU
		Release|Any CPU = Release|Any CPU
	EndGlobalSection
	GlobalSection(ProjectConfigurationPlatforms) = postSolution
		{1634A25A-E66F-4E6B-B1F3-E43D5F77E700}.Debug|Any CPU.ActiveCfg = Debug|Any CPU
		{1634A25A-E66F-4E6B-B1F3-E43D5F77E700}.Debug|Any CPU.Build.0 = Debug|Any CPU
		{1634A25A-E66F-4E6B-B1F3-E43D5F77E700}.Release|Any CPU.ActiveCfg = Release|Any CPU
		{1634A25A-E66F-4E6B-B1F3-E43D5F77E700}.Release|Any CPU.Build.0 = Release|Any CPU
		{5263E8C1-7D5B-4BEE-AB63-BBD9B1764875}.Debug|Any CPU.ActiveCfg = Debug|Any CPU
		{5263E8C1-7D5B-4BEE-AB63-BBD9B1764875}.Debug|Any CPU.Build.0 = Debug|Any CPU
		{5263E8C1-7D5B-4BEE-AB63-BBD9B1764875}.Release|Any CPU.ActiveCfg = Release|Any CPU
		{5263E8C1-7D5B-4BEE-AB63-BBD9B1764875}.Release|Any CPU.Build.0 = Release|Any CPU
	EndGlobalSection
	GlobalSection(SolutionProperties) = preSolution
		HideSolutionNode = FALSE
	EndGlobalSection
EndGlobal
